
Microsoft Visual Studio Solution File, Format Version 12.00
Project("{2150E333-8FDC-42A3-9474-1A3956D46DE8}") = "Solution Items", "Solution Items", "{4B49F43F-2B01-487B-9831-6CF51AE4A977}"
	ProjectSection(SolutionItems) = preProject
		.csharpierrc = .csharpierrc
		.gitignore = .gitignore
		global.json = global.json
		README.md = README.md
	EndProjectSection
EndProject
Project("{2150E333-8FDC-42A3-9474-1A3956D46DE8}") = ".github", ".github", "{B38F2F03-5210-49A3-B6D2-3F9A7ED163CF}"
	ProjectSection(SolutionItems) = preProject
		.github\dependabot.yaml = .github\dependabot.yaml
	EndProjectSection
EndProject
Project("{2150E333-8FDC-42A3-9474-1A3956D46DE8}") = "src", "src", "{6309EEBA-758F-4C12-B1B5-06CD12392B35}"
EndProject
Project("{FAE04EC0-301F-11D3-BF4B-00C04F79EFBC}") = "BlazorPdfGeneration", "src\BlazorPdfGeneration\BlazorPdfGeneration.csproj", "{4F8ACEB1-C312-4CD0-874B-441AF0BF8D25}"
EndProject
Global
	GlobalSection(SolutionConfigurationPlatforms) = preSolution
		Debug|Any CPU = Debug|Any CPU
		Release|Any CPU = Release|Any CPU
	EndGlobalSection
	GlobalSection(ProjectConfigurationPlatforms) = postSolution
		{4F8ACEB1-C312-4CD0-874B-441AF0BF8D25}.Debug|Any CPU.ActiveCfg = Debug|Any CPU
		{4F8ACEB1-C312-4CD0-874B-441AF0BF8D25}.Debug|Any CPU.Build.0 = Debug|Any CPU
		{4F8ACEB1-C312-4CD0-874B-441AF0BF8D25}.Release|Any CPU.ActiveCfg = Release|Any CPU
		{4F8ACEB1-C312-4CD0-874B-441AF0BF8D25}.Release|Any CPU.Build.0 = Release|Any CPU
	EndGlobalSection
	GlobalSection(NestedProjects) = preSolution
		{4F8ACEB1-C312-4CD0-874B-441AF0BF8D25} = {6309EEBA-758F-4C12-B1B5-06CD12392B35}
	EndGlobalSection
EndGlobal
